
Microsoft Visual Studio Solution File, Format Version 12.00
# Visual Studio Version 17
VisualStudioVersion = 17.4.33213.308
MinimumVisualStudioVersion = 10.0.40219.1
Project("{FAE04EC0-301F-11D3-BF4B-00C04F79EFBC}") = "COMP003A.LectureActivity7.", "..\COMP003A.LectureActivity7\COMP003A.LectureActivity7\COMP003A.LectureActivity7..csproj", "{256E06A1-E89E-4B43-9A49-EFC03C193AFD}"
EndProject
Global
	GlobalSection(SolutionConfigurationPlatforms) = preSolution
		Debug|Any CPU = Debug|Any CPU
		Release|Any CPU = Release|Any CPU
	EndGlobalSection
	GlobalSection(ProjectConfigurationPlatforms) = postSolution
		{256E06A1-E89E-4B43-9A49-EFC03C193AFD}.Debug|Any CPU.ActiveCfg = Debug|Any CPU
		{256E06A1-E89E-4B43-9A49-EFC03C193AFD}.Debug|Any CPU.Build.0 = Debug|Any CPU
		{256E06A1-E89E-4B43-9A49-EFC03C193AFD}.Release|Any CPU.ActiveCfg = Release|Any CPU
		{256E06A1-E89E-4B43-9A49-EFC03C193AFD}.Release|Any CPU.Build.0 = Release|Any CPU
	EndGlobalSection
	GlobalSection(SolutionProperties) = preSolution
		HideSolutionNode = FALSE
	EndGlobalSection
	GlobalSection(ExtensibilityGlobals) = postSolution
		SolutionGuid = {5F79F6D1-8739-4500-B1A4-D8602D055D44}
	EndGlobalSection
EndGlobal
